
Microsoft Visual Studio Solution File, Format Version 12.00
# Visual Studio 15
VisualStudioVersion = 15.0.28307.168
MinimumVisualStudioVersion = 10.0.40219.1
Project("{FAE04EC0-301F-11D3-BF4B-00C04F79EFBC}") = "Mountain Tracker Climb - API", "Mountain Tracker Climb - API\Mountain Tracker Climb - API.csproj", "{DFC32409-DF35-4CFE-96A2-0FF9E2A0EA70}"
EndProject
Project("{FAE04EC0-301F-11D3-BF4B-00C04F79EFBC}") = "Mountain Tracker Climb - API.Tests", "Mountain Tracker Climb - API.Tests\Mountain Tracker Climb - API.Tests.csproj", "{7CC42014-5D61-4742-A4D8-262940D5D5FF}"
EndProject
Project("{00D1A9C2-B5F0-4AF3-8072-F6C62B433612}") = "Mountan Tracker Climb - DataBase", "Mountan Tracker Climb - DataBase\Mountan Tracker Climb - DataBase.sqlproj", "{422B2CAF-73A5-4222-942F-FA6A71B7F114}"
EndProject
Global
	GlobalSection(SolutionConfigurationPlatforms) = preSolution
		Debug|Any CPU = Debug|Any CPU
		Release|Any CPU = Release|Any CPU
	EndGlobalSection
	GlobalSection(ProjectConfigurationPlatforms) = postSolution
		{DFC32409-DF35-4CFE-96A2-0FF9E2A0EA70}.Debug|Any CPU.ActiveCfg = Debug|Any CPU
		{DFC32409-DF35-4CFE-96A2-0FF9E2A0EA70}.Debug|Any CPU.Build.0 = Debug|Any CPU
		{DFC32409-DF35-4CFE-96A2-0FF9E2A0EA70}.Release|Any CPU.ActiveCfg = Release|Any CPU
		{DFC32409-DF35-4CFE-96A2-0FF9E2A0EA70}.Release|Any CPU.Build.0 = Release|Any CPU
		{7CC42014-5D61-4742-A4D8-262940D5D5FF}.Debug|Any CPU.ActiveCfg = Debug|Any CPU
		{7CC42014-5D61-4742-A4D8-262940D5D5FF}.Debug|Any CPU.Build.0 = Debug|Any CPU
		{7CC42014-5D61-4742-A4D8-262940D5D5FF}.Release|Any CPU.ActiveCfg = Release|Any CPU
		{7CC42014-5D61-4742-A4D8-262940D5D5FF}.Release|Any CPU.Build.0 = Release|Any CPU
		{422B2CAF-73A5-4222-942F-FA6A71B7F114}.Debug|Any CPU.ActiveCfg = Debug|Any CPU
		{422B2CAF-73A5-4222-942F-FA6A71B7F114}.Debug|Any CPU.Build.0 = Debug|Any CPU
		{422B2CAF-73A5-4222-942F-FA6A71B7F114}.Debug|Any CPU.Deploy.0 = Debug|Any CPU
		{422B2CAF-73A5-4222-942F-FA6A71B7F114}.Release|Any CPU.ActiveCfg = Release|Any CPU
		{422B2CAF-73A5-4222-942F-FA6A71B7F114}.Release|Any CPU.Build.0 = Release|Any CPU
		{422B2CAF-73A5-4222-942F-FA6A71B7F114}.Release|Any CPU.Deploy.0 = Release|Any CPU
	EndGlobalSection
	GlobalSection(SolutionProperties) = preSolution
		HideSolutionNode = FALSE
	EndGlobalSection
	GlobalSection(ExtensibilityGlobals) = postSolution
		SolutionGuid = {6BCDB4B0-30CF-4CD8-8458-88E707CF313E}
	EndGlobalSection
EndGlobal
